
Microsoft Visual Studio Solution File, Format Version 12.00
# Visual Studio Version 17
VisualStudioVersion = 17.8.34330.188
MinimumVisualStudioVersion = 10.0.40219.1
Project("{FAE04EC0-301F-11D3-BF4B-00C04F79EFBC}") = "CardGame", "CardGame\CardGame.csproj", "{3973A418-D4D3-442A-9C55-1B8FDED766B0}"
EndProject
Project("{FAE04EC0-301F-11D3-BF4B-00C04F79EFBC}") = "CardGame.Tests", "CardGame.Tests\CardGame.Tests.csproj", "{B8117CCD-42C1-4742-AA52-5712107A70B5}"
EndProject
Global
	GlobalSection(SolutionConfigurationPlatforms) = preSolution
		Debug|Any CPU = Debug|Any CPU
		Release|Any CPU = Release|Any CPU
	EndGlobalSection
	GlobalSection(ProjectConfigurationPlatforms) = postSolution
		{3973A418-D4D3-442A-9C55-1B8FDED766B0}.Debug|Any CPU.ActiveCfg = Debug|Any CPU
		{3973A418-D4D3-442A-9C55-1B8FDED766B0}.Debug|Any CPU.Build.0 = Debug|Any CPU
		{3973A418-D4D3-442A-9C55-1B8FDED766B0}.Release|Any CPU.ActiveCfg = Release|Any CPU
		{3973A418-D4D3-442A-9C55-1B8FDED766B0}.Release|Any CPU.Build.0 = Release|Any CPU
		{B8117CCD-42C1-4742-AA52-5712107A70B5}.Debug|Any CPU.ActiveCfg = Debug|Any CPU
		{B8117CCD-42C1-4742-AA52-5712107A70B5}.Debug|Any CPU.Build.0 = Debug|Any CPU
		{B8117CCD-42C1-4742-AA52-5712107A70B5}.Release|Any CPU.ActiveCfg = Release|Any CPU
		{B8117CCD-42C1-4742-AA52-5712107A70B5}.Release|Any CPU.Build.0 = Release|Any CPU
	EndGlobalSection
	GlobalSection(SolutionProperties) = preSolution
		HideSolutionNode = FALSE
	EndGlobalSection
	GlobalSection(ExtensibilityGlobals) = postSolution
		SolutionGuid = {56A9331D-12F0-45D4-9B0E-399BD3015E5C}
	EndGlobalSection
EndGlobal
